// !$*UTF8*$!
{
	archiveVersion = 1;
	classes = {
	};
	objectVersion = 56;
	objects = {

/* Begin PBXBuildFile section */
		A51116792A0DB20500005EB2 /* CircularStd-Book.ttf in Resources */ = {isa = PBXBuildFile; fileRef = A51116752A0DB20500005EB2 /* CircularStd-Book.ttf */; };
		A511167A2A0DB20500005EB2 /* CircularStd-Black.ttf in Resources */ = {isa = PBXBuildFile; fileRef = A51116762A0DB20500005EB2 /* CircularStd-Black.ttf */; };
		A511167B2A0DB20500005EB2 /* CircularStd-Bold.ttf in Resources */ = {isa = PBXBuildFile; fileRef = A51116772A0DB20500005EB2 /* CircularStd-Bold.ttf */; };
		A511167C2A0DB20500005EB2 /* CircularStd-Medium.ttf in Resources */ = {isa = PBXBuildFile; fileRef = A51116782A0DB20500005EB2 /* CircularStd-Medium.ttf */; };
		A511167F2A0DB2E700005EB2 /* TestFontsView.swift in Sources */ = {isa = PBXBuildFile; fileRef = A511167E2A0DB2E700005EB2 /* TestFontsView.swift */; };
		A51116812A0DB6C700005EB2 /* CustomFont.swift in Sources */ = {isa = PBXBuildFile; fileRef = A51116802A0DB6C700005EB2 /* CustomFont.swift */; };
		A51116862A0DB98A00005EB2 /* PokemonAboutView.swift in Sources */ = {isa = PBXBuildFile; fileRef = A51116852A0DB98A00005EB2 /* PokemonAboutView.swift */; };
		A51116882A0DEEC700005EB2 /* PokemonEvolutionView.swift in Sources */ = {isa = PBXBuildFile; fileRef = A51116872A0DEEC700005EB2 /* PokemonEvolutionView.swift */; };
		A5438E8A2A06E27C00045DF7 /* TextView.swift in Sources */ = {isa = PBXBuildFile; fileRef = A5438E892A06E27C00045DF7 /* TextView.swift */; };
		A5438E8C2A098D8B00045DF7 /* Pokemon.swift in Sources */ = {isa = PBXBuildFile; fileRef = A5438E8B2A098D8B00045DF7 /* Pokemon.swift */; };
		A5438E8E2A098EA100045DF7 /* PokemonList.json in Resources */ = {isa = PBXBuildFile; fileRef = A5438E8D2A098EA100045DF7 /* PokemonList.json */; };
		A5438E902A09985900045DF7 /* Utils.swift in Sources */ = {isa = PBXBuildFile; fileRef = A5438E8F2A09985900045DF7 /* Utils.swift */; };
		A5438E922A09A21D00045DF7 /* CachedAsyncImage.swift in Sources */ = {isa = PBXBuildFile; fileRef = A5438E912A09A21D00045DF7 /* CachedAsyncImage.swift */; };
		A5438E942A09B6FB00045DF7 /* PokemonScrollableView.swift in Sources */ = {isa = PBXBuildFile; fileRef = A5438E932A09B6FB00045DF7 /* PokemonScrollableView.swift */; };
		A5438E962A09D9D700045DF7 /* PokemonStatsTabView.swift in Sources */ = {isa = PBXBuildFile; fileRef = A5438E952A09D9D700045DF7 /* PokemonStatsTabView.swift */; };
		A55B1B102A19D70B0061297F /* ImageVv.swift in Sources */ = {isa = PBXBuildFile; fileRef = A55B1B0F2A19D70B0061297F /* ImageVv.swift */; };
		A5614F6E2A15E2DD00F5D859 /* NavigationBar.swift in Sources */ = {isa = PBXBuildFile; fileRef = A5614F6D2A15E2DD00F5D859 /* NavigationBar.swift */; };
		A56D59E82A0B21FD003BE106 /* PokemonTypeTagView.swift in Sources */ = {isa = PBXBuildFile; fileRef = A56D59E72A0B21FD003BE106 /* PokemonTypeTagView.swift */; };
		A56D59EA2A0B3594003BE106 /* PokemonDetailViewOld.swift in Sources */ = {isa = PBXBuildFile; fileRef = A56D59E92A0B3594003BE106 /* PokemonDetailViewOld.swift */; };
		A56D59ED2A0B5599003BE106 /* ScrollPreferenceKey.swift in Sources */ = {isa = PBXBuildFile; fileRef = A56D59EC2A0B5599003BE106 /* ScrollPreferenceKey.swift */; };
		A573B90E2A182D8100C1F6B0 /* PokedexView.swift in Sources */ = {isa = PBXBuildFile; fileRef = A573B90D2A182D8100C1F6B0 /* PokedexView.swift */; };
		A581C9162A05BC49001C0383 /* PokeAppApp.swift in Sources */ = {isa = PBXBuildFile; fileRef = A581C9152A05BC49001C0383 /* PokeAppApp.swift */; };
		A581C9182A05BC49001C0383 /* ContentView.swift in Sources */ = {isa = PBXBuildFile; fileRef = A581C9172A05BC49001C0383 /* ContentView.swift */; };
		A581C91A2A05BC4A001C0383 /* Assets.xcassets in Resources */ = {isa = PBXBuildFile; fileRef = A581C9192A05BC4A001C0383 /* Assets.xcassets */; };
		A581C91D2A05BC4A001C0383 /* Preview Assets.xcassets in Resources */ = {isa = PBXBuildFile; fileRef = A581C91C2A05BC4A001C0383 /* Preview Assets.xcassets */; };
		A581C9242A05BC69001C0383 /* PokemonGridItemView.swift in Sources */ = {isa = PBXBuildFile; fileRef = A581C9232A05BC69001C0383 /* PokemonGridItemView.swift */; };
		A58A44672A12B757005034F1 /* PokemonDetailView.swift in Sources */ = {isa = PBXBuildFile; fileRef = A58A44662A12B757005034F1 /* PokemonDetailView.swift */; };
		A5AEC9EC2A0EB219008C2470 /* PokemonBaseStatsView.swift in Sources */ = {isa = PBXBuildFile; fileRef = A5AEC9EB2A0EB219008C2470 /* PokemonBaseStatsView.swift */; };
		A5AEC9EF2A0ED099008C2470 /* PokemonType.swift in Sources */ = {isa = PBXBuildFile; fileRef = A5AEC9EE2A0ED099008C2470 /* PokemonType.swift */; };
/* End PBXBuildFile section */

/* Begin PBXFileReference section */
		A51116752A0DB20500005EB2 /* CircularStd-Book.ttf */ = {isa = PBXFileReference; lastKnownFileType = file; path = "CircularStd-Book.ttf"; sourceTree = "<group>"; };
		A51116762A0DB20500005EB2 /* CircularStd-Black.ttf */ = {isa = PBXFileReference; lastKnownFileType = file; path = "CircularStd-Black.ttf"; sourceTree = "<group>"; };
		A51116772A0DB20500005EB2 /* CircularStd-Bold.ttf */ = {isa = PBXFileReference; lastKnownFileType = file; path = "CircularStd-Bold.ttf"; sourceTree = "<group>"; };
		A51116782A0DB20500005EB2 /* CircularStd-Medium.ttf */ = {isa = PBXFileReference; lastKnownFileType = file; path = "CircularStd-Medium.ttf"; sourceTree = "<group>"; };
		A511167D2A0DB22B00005EB2 /* Info.plist */ = {isa = PBXFileReference; lastKnownFileType = text.plist; path = Info.plist; sourceTree = "<group>"; };
		A511167E2A0DB2E700005EB2 /* TestFontsView.swift */ = {isa = PBXFileReference; lastKnownFileType = sourcecode.swift; path = TestFontsView.swift; sourceTree = "<group>"; };
		A51116802A0DB6C700005EB2 /* CustomFont.swift */ = {isa = PBXFileReference; lastKnownFileType = sourcecode.swift; path = CustomFont.swift; sourceTree = "<group>"; };
		A51116852A0DB98A00005EB2 /* PokemonAboutView.swift */ = {isa = PBXFileReference; lastKnownFileType = sourcecode.swift; path = PokemonAboutView.swift; sourceTree = "<group>"; };
		A51116872A0DEEC700005EB2 /* PokemonEvolutionView.swift */ = {isa = PBXFileReference; lastKnownFileType = sourcecode.swift; path = PokemonEvolutionView.swift; sourceTree = "<group>"; };
		A5438E892A06E27C00045DF7 /* TextView.swift */ = {isa = PBXFileReference; lastKnownFileType = sourcecode.swift; path = TextView.swift; sourceTree = "<group>"; };
		A5438E8B2A098D8B00045DF7 /* Pokemon.swift */ = {isa = PBXFileReference; lastKnownFileType = sourcecode.swift; path = Pokemon.swift; sourceTree = "<group>"; };
		A5438E8D2A098EA100045DF7 /* PokemonList.json */ = {isa = PBXFileReference; lastKnownFileType = text.json; path = PokemonList.json; sourceTree = "<group>"; };
		A5438E8F2A09985900045DF7 /* Utils.swift */ = {isa = PBXFileReference; lastKnownFileType = sourcecode.swift; path = Utils.swift; sourceTree = "<group>"; };
		A5438E912A09A21D00045DF7 /* CachedAsyncImage.swift */ = {isa = PBXFileReference; lastKnownFileType = sourcecode.swift; path = CachedAsyncImage.swift; sourceTree = "<group>"; };
		A5438E932A09B6FB00045DF7 /* PokemonScrollableView.swift */ = {isa = PBXFileReference; lastKnownFileType = sourcecode.swift; path = PokemonScrollableView.swift; sourceTree = "<group>"; };
		A5438E952A09D9D700045DF7 /* PokemonStatsTabView.swift */ = {isa = PBXFileReference; lastKnownFileType = sourcecode.swift; path = PokemonStatsTabView.swift; sourceTree = "<group>"; };
		A55B1B0F2A19D70B0061297F /* ImageVv.swift */ = {isa = PBXFileReference; lastKnownFileType = sourcecode.swift; path = ImageVv.swift; sourceTree = "<group>"; };
		A5614F6D2A15E2DD00F5D859 /* NavigationBar.swift */ = {isa = PBXFileReference; lastKnownFileType = sourcecode.swift; path = NavigationBar.swift; sourceTree = "<group>"; };
		A56D59E72A0B21FD003BE106 /* PokemonTypeTagView.swift */ = {isa = PBXFileReference; lastKnownFileType = sourcecode.swift; path = PokemonTypeTagView.swift; sourceTree = "<group>"; };
		A56D59E92A0B3594003BE106 /* PokemonDetailViewOld.swift */ = {isa = PBXFileReference; lastKnownFileType = sourcecode.swift; path = PokemonDetailViewOld.swift; sourceTree = "<group>"; };
		A56D59EC2A0B5599003BE106 /* ScrollPreferenceKey.swift */ = {isa = PBXFileReference; lastKnownFileType = sourcecode.swift; path = ScrollPreferenceKey.swift; sourceTree = "<group>"; };
		A573B90D2A182D8100C1F6B0 /* PokedexView.swift */ = {isa = PBXFileReference; lastKnownFileType = sourcecode.swift; path = PokedexView.swift; sourceTree = "<group>"; };
		A581C9122A05BC49001C0383 /* PokeApp.app */ = {isa = PBXFileReference; explicitFileType = wrapper.application; includeInIndex = 0; path = PokeApp.app; sourceTree = BUILT_PRODUCTS_DIR; };
		A581C9152A05BC49001C0383 /* PokeAppApp.swift */ = {isa = PBXFileReference; lastKnownFileType = sourcecode.swift; path = PokeAppApp.swift; sourceTree = "<group>"; };
		A581C9172A05BC49001C0383 /* ContentView.swift */ = {isa = PBXFileReference; lastKnownFileType = sourcecode.swift; path = ContentView.swift; sourceTree = "<group>"; };
		A581C9192A05BC4A001C0383 /* Assets.xcassets */ = {isa = PBXFileReference; lastKnownFileType = folder.assetcatalog; path = Assets.xcassets; sourceTree = "<group>"; };
		A581C91C2A05BC4A001C0383 /* Preview Assets.xcassets */ = {isa = PBXFileReference; lastKnownFileType = folder.assetcatalog; path = "Preview Assets.xcassets"; sourceTree = "<group>"; };
		A581C9232A05BC69001C0383 /* PokemonGridItemView.swift */ = {isa = PBXFileReference; lastKnownFileType = sourcecode.swift; path = PokemonGridItemView.swift; sourceTree = "<group>"; };
		A58A44662A12B757005034F1 /* PokemonDetailView.swift */ = {isa = PBXFileReference; lastKnownFileType = sourcecode.swift; path = PokemonDetailView.swift; sourceTree = "<group>"; };
		A5AEC9EB2A0EB219008C2470 /* PokemonBaseStatsView.swift */ = {isa = PBXFileReference; lastKnownFileType = sourcecode.swift; path = PokemonBaseStatsView.swift; sourceTree = "<group>"; };
		A5AEC9EE2A0ED099008C2470 /* PokemonType.swift */ = {isa = PBXFileReference; lastKnownFileType = sourcecode.swift; path = PokemonType.swift; sourceTree = "<group>"; };
/* End PBXFileReference section */

/* Begin PBXFrameworksBuildPhase section */
		A581C90F2A05BC49001C0383 /* Frameworks */ = {
			isa = PBXFrameworksBuildPhase;
			buildActionMask = 2147483647;
			files = (
			);
			runOnlyForDeploymentPostprocessing = 0;
		};
/* End PBXFrameworksBuildPhase section */

/* Begin PBXGroup section */
		A51116732A0DB1F900005EB2 /* Sources */ = {
			isa = PBXGroup;
			children = (
				A51116742A0DB20500005EB2 /* fonts */,
				A51116802A0DB6C700005EB2 /* CustomFont.swift */,
			);
			path = Sources;
			sourceTree = "<group>";
		};
		A51116742A0DB20500005EB2 /* fonts */ = {
			isa = PBXGroup;
			children = (
				A51116752A0DB20500005EB2 /* CircularStd-Book.ttf */,
				A51116762A0DB20500005EB2 /* CircularStd-Black.ttf */,
				A51116772A0DB20500005EB2 /* CircularStd-Bold.ttf */,
				A51116782A0DB20500005EB2 /* CircularStd-Medium.ttf */,
			);
			path = fonts;
			sourceTree = "<group>";
		};
		A51116822A0DB95100005EB2 /* PokemonDetail */ = {
			isa = PBXGroup;
			children = (
				A58A44662A12B757005034F1 /* PokemonDetailView.swift */,
				A56D59E92A0B3594003BE106 /* PokemonDetailViewOld.swift */,
				A5438E932A09B6FB00045DF7 /* PokemonScrollableView.swift */,
				A5438E952A09D9D700045DF7 /* PokemonStatsTabView.swift */,
				A51116852A0DB98A00005EB2 /* PokemonAboutView.swift */,
				A51116872A0DEEC700005EB2 /* PokemonEvolutionView.swift */,
				A5AEC9EB2A0EB219008C2470 /* PokemonBaseStatsView.swift */,
			);
			path = PokemonDetail;
			sourceTree = "<group>";
		};
		A56D59EB2A0B558C003BE106 /* Model */ = {
			isa = PBXGroup;
			children = (
				A5438E8B2A098D8B00045DF7 /* Pokemon.swift */,
				A5AEC9EE2A0ED099008C2470 /* PokemonType.swift */,
				A56D59EC2A0B5599003BE106 /* ScrollPreferenceKey.swift */,
			);
			path = Model;
			sourceTree = "<group>";
		};
		A581C9092A05BC49001C0383 = {
			isa = PBXGroup;
			children = (
				A581C9142A05BC49001C0383 /* PokeApp */,
				A581C9132A05BC49001C0383 /* Products */,
			);
			sourceTree = "<group>";
		};
		A581C9132A05BC49001C0383 /* Products */ = {
			isa = PBXGroup;
			children = (
				A581C9122A05BC49001C0383 /* PokeApp.app */,
			);
			name = Products;
			sourceTree = "<group>";
		};
		A581C9142A05BC49001C0383 /* PokeApp */ = {
			isa = PBXGroup;
			children = (
				A511167D2A0DB22B00005EB2 /* Info.plist */,
				A581C9152A05BC49001C0383 /* PokeAppApp.swift */,
				A511167E2A0DB2E700005EB2 /* TestFontsView.swift */,
				A581C9172A05BC49001C0383 /* ContentView.swift */,
				A581C9232A05BC69001C0383 /* PokemonGridItemView.swift */,
				A5438E892A06E27C00045DF7 /* TextView.swift */,
				A56D59E72A0B21FD003BE106 /* PokemonTypeTagView.swift */,
				A573B90D2A182D8100C1F6B0 /* PokedexView.swift */,
				A55B1B0F2A19D70B0061297F /* ImageVv.swift */,
				A5614F6D2A15E2DD00F5D859 /* NavigationBar.swift */,
				A51116822A0DB95100005EB2 /* PokemonDetail */,
				A51116732A0DB1F900005EB2 /* Sources */,
				A56D59EB2A0B558C003BE106 /* Model */,
				A5438E8D2A098EA100045DF7 /* PokemonList.json */,
				A5438E8F2A09985900045DF7 /* Utils.swift */,
				A5438E912A09A21D00045DF7 /* CachedAsyncImage.swift */,
				A581C9192A05BC4A001C0383 /* Assets.xcassets */,
				A581C91B2A05BC4A001C0383 /* Preview Content */,
			);
			path = PokeApp;
			sourceTree = "<group>";
		};
		A581C91B2A05BC4A001C0383 /* Preview Content */ = {
			isa = PBXGroup;
			children = (
				A581C91C2A05BC4A001C0383 /* Preview Assets.xcassets */,
			);
			path = "Preview Content";
			sourceTree = "<group>";
		};
/* End PBXGroup section */

/* Begin PBXNativeTarget section */
		A581C9112A05BC49001C0383 /* PokeApp */ = {
			isa = PBXNativeTarget;
			buildConfigurationList = A581C9202A05BC4A001C0383 /* Build configuration list for PBXNativeTarget "PokeApp" */;
			buildPhases = (
				A581C90E2A05BC49001C0383 /* Sources */,
				A581C90F2A05BC49001C0383 /* Frameworks */,
				A581C9102A05BC49001C0383 /* Resources */,
			);
			buildRules = (
			);
			dependencies = (
			);
			name = PokeApp;
			productName = PokeApp;
			productReference = A581C9122A05BC49001C0383 /* PokeApp.app */;
			productType = "com.apple.product-type.application";
		};
/* End PBXNativeTarget section */

/* Begin PBXProject section */
		A581C90A2A05BC49001C0383 /* Project object */ = {
			isa = PBXProject;
			attributes = {
				BuildIndependentTargetsInParallel = 1;
				LastSwiftUpdateCheck = 1410;
				LastUpgradeCheck = 1410;
				TargetAttributes = {
					A581C9112A05BC49001C0383 = {
						CreatedOnToolsVersion = 14.1;
					};
				};
			};
			buildConfigurationList = A581C90D2A05BC49001C0383 /* Build configuration list for PBXProject "PokeApp" */;
			compatibilityVersion = "Xcode 14.0";
			developmentRegion = en;
			hasScannedForEncodings = 0;
			knownRegions = (
				en,
				Base,
			);
			mainGroup = A581C9092A05BC49001C0383;
			productRefGroup = A581C9132A05BC49001C0383 /* Products */;
			projectDirPath = "";
			projectRoot = "";
			targets = (
				A581C9112A05BC49001C0383 /* PokeApp */,
			);
		};
/* End PBXProject section */

/* Begin PBXResourcesBuildPhase section */
		A581C9102A05BC49001C0383 /* Resources */ = {
			isa = PBXResourcesBuildPhase;
			buildActionMask = 2147483647;
			files = (
				A51116792A0DB20500005EB2 /* CircularStd-Book.ttf in Resources */,
				A581C91D2A05BC4A001C0383 /* Preview Assets.xcassets in Resources */,
				A511167B2A0DB20500005EB2 /* CircularStd-Bold.ttf in Resources */,
				A511167C2A0DB20500005EB2 /* CircularStd-Medium.ttf in Resources */,
				A5438E8E2A098EA100045DF7 /* PokemonList.json in Resources */,
				A581C91A2A05BC4A001C0383 /* Assets.xcassets in Resources */,
				A511167A2A0DB20500005EB2 /* CircularStd-Black.ttf in Resources */,
			);
			runOnlyForDeploymentPostprocessing = 0;
		};
/* End PBXResourcesBuildPhase section */

/* Begin PBXSourcesBuildPhase section */
		A581C90E2A05BC49001C0383 /* Sources */ = {
			isa = PBXSourcesBuildPhase;
			buildActionMask = 2147483647;
			files = (
				A5438E8C2A098D8B00045DF7 /* Pokemon.swift in Sources */,
				A581C9182A05BC49001C0383 /* ContentView.swift in Sources */,
				A511167F2A0DB2E700005EB2 /* TestFontsView.swift in Sources */,
				A58A44672A12B757005034F1 /* PokemonDetailView.swift in Sources */,
				A5AEC9EC2A0EB219008C2470 /* PokemonBaseStatsView.swift in Sources */,
				A5438E8A2A06E27C00045DF7 /* TextView.swift in Sources */,
				A56D59E82A0B21FD003BE106 /* PokemonTypeTagView.swift in Sources */,
				A581C9162A05BC49001C0383 /* PokeAppApp.swift in Sources */,
				A56D59EA2A0B3594003BE106 /* PokemonDetailViewOld.swift in Sources */,
				A51116862A0DB98A00005EB2 /* PokemonAboutView.swift in Sources */,
				A51116812A0DB6C700005EB2 /* CustomFont.swift in Sources */,
				A581C9242A05BC69001C0383 /* PokemonGridItemView.swift in Sources */,
				A5438E942A09B6FB00045DF7 /* PokemonScrollableView.swift in Sources */,
				A5438E962A09D9D700045DF7 /* PokemonStatsTabView.swift in Sources */,
				A5438E922A09A21D00045DF7 /* CachedAsyncImage.swift in Sources */,
				A573B90E2A182D8100C1F6B0 /* PokedexView.swift in Sources */,
				A5614F6E2A15E2DD00F5D859 /* NavigationBar.swift in Sources */,
				A5438E902A09985900045DF7 /* Utils.swift in Sources */,
				A5AEC9EF2A0ED099008C2470 /* PokemonType.swift in Sources */,
				A55B1B102A19D70B0061297F /* ImageVv.swift in Sources */,
				A51116882A0DEEC700005EB2 /* PokemonEvolutionView.swift in Sources */,
				A56D59ED2A0B5599003BE106 /* ScrollPreferenceKey.swift in Sources */,
			);
			runOnlyForDeploymentPostprocessing = 0;
		};
/* End PBXSourcesBuildPhase section */

/* Begin XCBuildConfiguration section */
		A581C91E2A05BC4A001C0383 /* Debug */ = {
			isa = XCBuildConfiguration;
			buildSettings = {
				ALWAYS_SEARCH_USER_PATHS = NO;
				CLANG_ANALYZER_NONNULL = YES;
				CLANG_ANALYZER_NUMBER_OBJECT_CONVERSION = YES_AGGRESSIVE;
				CLANG_CXX_LANGUAGE_STANDARD = "gnu++20";
				CLANG_ENABLE_MODULES = YES;
				CLANG_ENABLE_OBJC_ARC = YES;
				CLANG_ENABLE_OBJC_WEAK = YES;
				CLANG_WARN_BLOCK_CAPTURE_AUTORELEASING = YES;
				CLANG_WARN_BOOL_CONVERSION = YES;
				CLANG_WARN_COMMA = YES;
				CLANG_WARN_CONSTANT_CONVERSION = YES;
				CLANG_WARN_DEPRECATED_OBJC_IMPLEMENTATIONS = YES;
				CLANG_WARN_DIRECT_OBJC_ISA_USAGE = YES_ERROR;
				CLANG_WARN_DOCUMENTATION_COMMENTS = YES;
				CLANG_WARN_EMPTY_BODY = YES;
				CLANG_WARN_ENUM_CONVERSION = YES;
				CLANG_WARN_INFINITE_RECURSION = YES;
				CLANG_WARN_INT_CONVERSION = YES;
				CLANG_WARN_NON_LITERAL_NULL_CONVERSION = YES;
				CLANG_WARN_OBJC_IMPLICIT_RETAIN_SELF = YES;
				CLANG_WARN_OBJC_LITERAL_CONVERSION = YES;
				CLANG_WARN_OBJC_ROOT_CLASS = YES_ERROR;
				CLANG_WARN_QUOTED_INCLUDE_IN_FRAMEWORK_HEADER = YES;
				CLANG_WARN_RANGE_LOOP_ANALYSIS = YES;
				CLANG_WARN_STRICT_PROTOTYPES = YES;
				CLANG_WARN_SUSPICIOUS_MOVE = YES;
				CLANG_WARN_UNGUARDED_AVAILABILITY = YES_AGGRESSIVE;
				CLANG_WARN_UNREACHABLE_CODE = YES;
				CLANG_WARN__DUPLICATE_METHOD_MATCH = YES;
				COPY_PHASE_STRIP = NO;
				DEBUG_INFORMATION_FORMAT = dwarf;
				ENABLE_STRICT_OBJC_MSGSEND = YES;
				ENABLE_TESTABILITY = YES;
				GCC_C_LANGUAGE_STANDARD = gnu11;
				GCC_DYNAMIC_NO_PIC = NO;
				GCC_NO_COMMON_BLOCKS = YES;
				GCC_OPTIMIZATION_LEVEL = 0;
				GCC_PREPROCESSOR_DEFINITIONS = (
					"DEBUG=1",
					"$(inherited)",
				);
				GCC_WARN_64_TO_32_BIT_CONVERSION = YES;
				GCC_WARN_ABOUT_RETURN_TYPE = YES_ERROR;
				GCC_WARN_UNDECLARED_SELECTOR = YES;
				GCC_WARN_UNINITIALIZED_AUTOS = YES_AGGRESSIVE;
				GCC_WARN_UNUSED_FUNCTION = YES;
				GCC_WARN_UNUSED_VARIABLE = YES;
				IPHONEOS_DEPLOYMENT_TARGET = 16.1;
				MTL_ENABLE_DEBUG_INFO = INCLUDE_SOURCE;
				MTL_FAST_MATH = YES;
				ONLY_ACTIVE_ARCH = YES;
				SDKROOT = iphoneos;
				SWIFT_ACTIVE_COMPILATION_CONDITIONS = DEBUG;
				SWIFT_OPTIMIZATION_LEVEL = "-Onone";
			};
			name = Debug;
		};
		A581C91F2A05BC4A001C0383 /* Release */ = {
			isa = XCBuildConfiguration;
			buildSettings = {
				ALWAYS_SEARCH_USER_PATHS = NO;
				CLANG_ANALYZER_NONNULL = YES;
				CLANG_ANALYZER_NUMBER_OBJECT_CONVERSION = YES_AGGRESSIVE;
				CLANG_CXX_LANGUAGE_STANDARD = "gnu++20";
				CLANG_ENABLE_MODULES = YES;
				CLANG_ENABLE_OBJC_ARC = YES;
				CLANG_ENABLE_OBJC_WEAK = YES;
				CLANG_WARN_BLOCK_CAPTURE_AUTORELEASING = YES;
				CLANG_WARN_BOOL_CONVERSION = YES;
				CLANG_WARN_COMMA = YES;
				CLANG_WARN_CONSTANT_CONVERSION = YES;
				CLANG_WARN_DEPRECATED_OBJC_IMPLEMENTATIONS = YES;
				CLANG_WARN_DIRECT_OBJC_ISA_USAGE = YES_ERROR;
				CLANG_WARN_DOCUMENTATION_COMMENTS = YES;
				CLANG_WARN_EMPTY_BODY = YES;
				CLANG_WARN_ENUM_CONVERSION = YES;
				CLANG_WARN_INFINITE_RECURSION = YES;
				CLANG_WARN_INT_CONVERSION = YES;
				CLANG_WARN_NON_LITERAL_NULL_CONVERSION = YES;
				CLANG_WARN_OBJC_IMPLICIT_RETAIN_SELF = YES;
				CLANG_WARN_OBJC_LITERAL_CONVERSION = YES;
				CLANG_WARN_OBJC_ROOT_CLASS = YES_ERROR;
				CLANG_WARN_QUOTED_INCLUDE_IN_FRAMEWORK_HEADER = YES;
				CLANG_WARN_RANGE_LOOP_ANALYSIS = YES;
				CLANG_WARN_STRICT_PROTOTYPES = YES;
				CLANG_WARN_SUSPICIOUS_MOVE = YES;
				CLANG_WARN_UNGUARDED_AVAILABILITY = YES_AGGRESSIVE;
				CLANG_WARN_UNREACHABLE_CODE = YES;
				CLANG_WARN__DUPLICATE_METHOD_MATCH = YES;
				COPY_PHASE_STRIP = NO;
				DEBUG_INFORMATION_FORMAT = "dwarf-with-dsym";
				ENABLE_NS_ASSERTIONS = NO;
				ENABLE_STRICT_OBJC_MSGSEND = YES;
				GCC_C_LANGUAGE_STANDARD = gnu11;
				GCC_NO_COMMON_BLOCKS = YES;
				GCC_WARN_64_TO_32_BIT_CONVERSION = YES;
				GCC_WARN_ABOUT_RETURN_TYPE = YES_ERROR;
				GCC_WARN_UNDECLARED_SELECTOR = YES;
				GCC_WARN_UNINITIALIZED_AUTOS = YES_AGGRESSIVE;
				GCC_WARN_UNUSED_FUNCTION = YES;
				GCC_WARN_UNUSED_VARIABLE = YES;
				IPHONEOS_DEPLOYMENT_TARGET = 16.1;
				MTL_ENABLE_DEBUG_INFO = NO;
				MTL_FAST_MATH = YES;
				SDKROOT = iphoneos;
				SWIFT_COMPILATION_MODE = wholemodule;
				SWIFT_OPTIMIZATION_LEVEL = "-O";
				VALIDATE_PRODUCT = YES;
			};
			name = Release;
		};
		A581C9212A05BC4A001C0383 /* Debug */ = {
			isa = XCBuildConfiguration;
			buildSettings = {
				ASSETCATALOG_COMPILER_APPICON_NAME = AppIcon;
				ASSETCATALOG_COMPILER_GLOBAL_ACCENT_COLOR_NAME = AccentColor;
				CODE_SIGN_STYLE = Automatic;
				CURRENT_PROJECT_VERSION = 1;
				DEVELOPMENT_ASSET_PATHS = "\"PokeApp/Preview Content\"";
				ENABLE_PREVIEWS = YES;
				GENERATE_INFOPLIST_FILE = YES;
				INFOPLIST_FILE = PokeApp/Info.plist;
				INFOPLIST_KEY_UIApplicationSceneManifest_Generation = YES;
				INFOPLIST_KEY_UIApplicationSupportsIndirectInputEvents = YES;
				INFOPLIST_KEY_UILaunchScreen_Generation = YES;
				INFOPLIST_KEY_UISupportedInterfaceOrientations_iPad = "UIInterfaceOrientationPortrait UIInterfaceOrientationPortraitUpsideDown UIInterfaceOrientationLandscapeLeft UIInterfaceOrientationLandscapeRight";
				INFOPLIST_KEY_UISupportedInterfaceOrientations_iPhone = "UIInterfaceOrientationPortrait UIInterfaceOrientationLandscapeLeft UIInterfaceOrientationLandscapeRight";
				LD_RUNPATH_SEARCH_PATHS = (
					"$(inherited)",
					"@executable_path/Frameworks",
				);
				MARKETING_VERSION = 1.0;
				PRODUCT_BUNDLE_IDENTIFIER = com.felipecoindustries.PokeApp;
				PRODUCT_NAME = "$(TARGET_NAME)";
				SWIFT_EMIT_LOC_STRINGS = YES;
				SWIFT_VERSION = 5.0;
				TARGETED_DEVICE_FAMILY = "1,2";
			};
			name = Debug;
		};
		A581C9222A05BC4A001C0383 /* Release */ = {
			isa = XCBuildConfiguration;
			buildSettings = {
				ASSETCATALOG_COMPILER_APPICON_NAME = AppIcon;
				ASSETCATALOG_COMPILER_GLOBAL_ACCENT_COLOR_NAME = AccentColor;
				CODE_SIGN_STYLE = Automatic;
				CURRENT_PROJECT_VERSION = 1;
				DEVELOPMENT_ASSET_PATHS = "\"PokeApp/Preview Content\"";
				ENABLE_PREVIEWS = YES;
				GENERATE_INFOPLIST_FILE = YES;
				INFOPLIST_FILE = PokeApp/Info.plist;
				INFOPLIST_KEY_UIApplicationSceneManifest_Generation = YES;
				INFOPLIST_KEY_UIApplicationSupportsIndirectInputEvents = YES;
				INFOPLIST_KEY_UILaunchScreen_Generation = YES;
				INFOPLIST_KEY_UISupportedInterfaceOrientations_iPad = "UIInterfaceOrientationPortrait UIInterfaceOrientationPortraitUpsideDown UIInterfaceOrientationLandscapeLeft UIInterfaceOrientationLandscapeRight";
				INFOPLIST_KEY_UISupportedInterfaceOrientations_iPhone = "UIInterfaceOrientationPortrait UIInterfaceOrientationLandscapeLeft UIInterfaceOrientationLandscapeRight";
				LD_RUNPATH_SEARCH_PATHS = (
					"$(inherited)",
					"@executable_path/Frameworks",
				);
				MARKETING_VERSION = 1.0;
				PRODUCT_BUNDLE_IDENTIFIER = com.felipecoindustries.PokeApp;
				PRODUCT_NAME = "$(TARGET_NAME)";
				SWIFT_EMIT_LOC_STRINGS = YES;
				SWIFT_VERSION = 5.0;
				TARGETED_DEVICE_FAMILY = "1,2";
			};
			name = Release;
		};
/* End XCBuildConfiguration section */

/* Begin XCConfigurationList section */
		A581C90D2A05BC49001C0383 /* Build configuration list for PBXProject "PokeApp" */ = {
			isa = XCConfigurationList;
			buildConfigurations = (
				A581C91E2A05BC4A001C0383 /* Debug */,
				A581C91F2A05BC4A001C0383 /* Release */,
			);
			defaultConfigurationIsVisible = 0;
			defaultConfigurationName = Release;
		};
		A581C9202A05BC4A001C0383 /* Build configuration list for PBXNativeTarget "PokeApp" */ = {
			isa = XCConfigurationList;
			buildConfigurations = (
				A581C9212A05BC4A001C0383 /* Debug */,
				A581C9222A05BC4A001C0383 /* Release */,
			);
			defaultConfigurationIsVisible = 0;
			defaultConfigurationName = Release;
		};
/* End XCConfigurationList section */
	};
	rootObject = A581C90A2A05BC49001C0383 /* Project object */;
}
